
Microsoft Visual Studio Solution File, Format Version 12.00
# Visual Studio Version 16
VisualStudioVersion = 16.0.30114.105
MinimumVisualStudioVersion = 10.0.40219.1
Project("{FAE04EC0-301F-11D3-BF4B-00C04F79EFBC}") = "BauMax", "BauMax\BauMax.csproj", "{3E858CB4-2810-4A27-A6EB-C0ADB4684BE1}"
EndProject
Global
	GlobalSection(SolutionConfigurationPlatforms) = preSolution
		Debug|Any CPU = Debug|Any CPU
		Release|Any CPU = Release|Any CPU
	EndGlobalSection
	GlobalSection(ProjectConfigurationPlatforms) = postSolution
		{3E858CB4-2810-4A27-A6EB-C0ADB4684BE1}.Debug|Any CPU.ActiveCfg = Debug|Any CPU
		{3E858CB4-2810-4A27-A6EB-C0ADB4684BE1}.Debug|Any CPU.Build.0 = Debug|Any CPU
		{3E858CB4-2810-4A27-A6EB-C0ADB4684BE1}.Release|Any CPU.ActiveCfg = Release|Any CPU
		{3E858CB4-2810-4A27-A6EB-C0ADB4684BE1}.Release|Any CPU.Build.0 = Release|Any CPU
	EndGlobalSection
	GlobalSection(SolutionProperties) = preSolution
		HideSolutionNode = FALSE
	EndGlobalSection
	GlobalSection(ExtensibilityGlobals) = postSolution
		SolutionGuid = {E2542E9A-BF4E-46D9-B352-3D223D4D6FB6}
	EndGlobalSection
EndGlobal
